// !$*UTF8*$!
{
	archiveVersion = 1;
	classes = {
	};
	objectVersion = 50;
	objects = {

/* Begin PBXBuildFile section */
		D93CB7C623E55AEA001F5AB9 /* AppDelegate.swift in Sources */ = {isa = PBXBuildFile; fileRef = D93CB7C523E55AEA001F5AB9 /* AppDelegate.swift */; };
		D93CB7C823E55AEA001F5AB9 /* SceneDelegate.swift in Sources */ = {isa = PBXBuildFile; fileRef = D93CB7C723E55AEA001F5AB9 /* SceneDelegate.swift */; };
		D93CB7CA23E55AEA001F5AB9 /* ViewController.swift in Sources */ = {isa = PBXBuildFile; fileRef = D93CB7C923E55AEA001F5AB9 /* ViewController.swift */; };
		D93CB7CD23E55AEA001F5AB9 /* Main.storyboard in Resources */ = {isa = PBXBuildFile; fileRef = D93CB7CB23E55AEA001F5AB9 /* Main.storyboard */; };
		D93CB7D023E55AEA001F5AB9 /* Lonely_Planet.xcdatamodeld in Sources */ = {isa = PBXBuildFile; fileRef = D93CB7CE23E55AEA001F5AB9 /* Lonely_Planet.xcdatamodeld */; };
		D93CB7D223E55AF7001F5AB9 /* Assets.xcassets in Resources */ = {isa = PBXBuildFile; fileRef = D93CB7D123E55AF7001F5AB9 /* Assets.xcassets */; };
		D93CB7D523E55AF7001F5AB9 /* LaunchScreen.storyboard in Resources */ = {isa = PBXBuildFile; fileRef = D93CB7D323E55AF7001F5AB9 /* LaunchScreen.storyboard */; };
		D93CB7E623EABF5B001F5AB9 /* RatingPageStruct.swift in Sources */ = {isa = PBXBuildFile; fileRef = D93CB7E523EABF5B001F5AB9 /* RatingPageStruct.swift */; };
/* End PBXBuildFile section */

/* Begin PBXFileReference section */
		D93CB7C223E55AEA001F5AB9 /* Lonely Planet.app */ = {isa = PBXFileReference; explicitFileType = wrapper.application; includeInIndex = 0; path = "Lonely Planet.app"; sourceTree = BUILT_PRODUCTS_DIR; };
		D93CB7C523E55AEA001F5AB9 /* AppDelegate.swift */ = {isa = PBXFileReference; lastKnownFileType = sourcecode.swift; path = AppDelegate.swift; sourceTree = "<group>"; };
		D93CB7C723E55AEA001F5AB9 /* SceneDelegate.swift */ = {isa = PBXFileReference; lastKnownFileType = sourcecode.swift; path = SceneDelegate.swift; sourceTree = "<group>"; };
		D93CB7C923E55AEA001F5AB9 /* ViewController.swift */ = {isa = PBXFileReference; lastKnownFileType = sourcecode.swift; path = ViewController.swift; sourceTree = "<group>"; };
		D93CB7CC23E55AEA001F5AB9 /* Base */ = {isa = PBXFileReference; lastKnownFileType = file.storyboard; name = Base; path = Base.lproj/Main.storyboard; sourceTree = "<group>"; };
		D93CB7CF23E55AEA001F5AB9 /* Lonely_Planet.xcdatamodel */ = {isa = PBXFileReference; lastKnownFileType = wrapper.xcdatamodel; path = Lonely_Planet.xcdatamodel; sourceTree = "<group>"; };
		D93CB7D123E55AF7001F5AB9 /* Assets.xcassets */ = {isa = PBXFileReference; lastKnownFileType = folder.assetcatalog; path = Assets.xcassets; sourceTree = "<group>"; };
		D93CB7D423E55AF7001F5AB9 /* Base */ = {isa = PBXFileReference; lastKnownFileType = file.storyboard; name = Base; path = Base.lproj/LaunchScreen.storyboard; sourceTree = "<group>"; };
		D93CB7D623E55AF7001F5AB9 /* Info.plist */ = {isa = PBXFileReference; lastKnownFileType = text.plist.xml; path = Info.plist; sourceTree = "<group>"; };
		D93CB7E523EABF5B001F5AB9 /* RatingPageStruct.swift */ = {isa = PBXFileReference; lastKnownFileType = sourcecode.swift; path = RatingPageStruct.swift; sourceTree = "<group>"; };
/* End PBXFileReference section */

/* Begin PBXFrameworksBuildPhase section */
		D93CB7BF23E55AEA001F5AB9 /* Frameworks */ = {
			isa = PBXFrameworksBuildPhase;
			buildActionMask = 2147483647;
			files = (
			);
			runOnlyForDeploymentPostprocessing = 0;
		};
/* End PBXFrameworksBuildPhase section */

/* Begin PBXGroup section */
		D93CB7B923E55AEA001F5AB9 = {
			isa = PBXGroup;
			children = (
				D93CB7C423E55AEA001F5AB9 /* Lonely Planet */,
			);
			sourceTree = "<group>";
		};
		D93CB7C323E55AEA001F5AB9 /* Products */ = {
			isa = PBXGroup;
			children = (
				D93CB7C223E55AEA001F5AB9 /* Lonely Planet.app */,
			);
			name = Products;
			path = ..;
			sourceTree = "<group>";
		};
		D93CB7C423E55AEA001F5AB9 /* Lonely Planet */ = {
			isa = PBXGroup;
			children = (
				D93CB7C523E55AEA001F5AB9 /* AppDelegate.swift */,
				D93CB7C723E55AEA001F5AB9 /* SceneDelegate.swift */,
				D93CB7C923E55AEA001F5AB9 /* ViewController.swift */,
				D93CB7E523EABF5B001F5AB9 /* RatingPageStruct.swift */,
				D93CB7CB23E55AEA001F5AB9 /* Main.storyboard */,
				D93CB7D123E55AF7001F5AB9 /* Assets.xcassets */,
				D93CB7D323E55AF7001F5AB9 /* LaunchScreen.storyboard */,
				D93CB7D623E55AF7001F5AB9 /* Info.plist */,
				D93CB7CE23E55AEA001F5AB9 /* Lonely_Planet.xcdatamodeld */,
				D93CB7C323E55AEA001F5AB9 /* Products */,
			);
			path = "Lonely Planet";
			sourceTree = "<group>";
		};
/* End PBXGroup section */

/* Begin PBXNativeTarget section */
		D93CB7C123E55AEA001F5AB9 /* Lonely Planet */ = {
			isa = PBXNativeTarget;
			buildConfigurationList = D93CB7D923E55AF7001F5AB9 /* Build configuration list for PBXNativeTarget "Lonely Planet" */;
			buildPhases = (
				D93CB7BE23E55AEA001F5AB9 /* Sources */,
				D93CB7BF23E55AEA001F5AB9 /* Frameworks */,
				D93CB7C023E55AEA001F5AB9 /* Resources */,
			);
			buildRules = (
			);
			dependencies = (
			);
			name = "Lonely Planet";
			productName = "Lonely Planet";
			productReference = D93CB7C223E55AEA001F5AB9 /* Lonely Planet.app */;
			productType = "com.apple.product-type.application";
		};
/* End PBXNativeTarget section */

/* Begin PBXProject section */
		D93CB7BA23E55AEA001F5AB9 /* Project object */ = {
			isa = PBXProject;
			attributes = {
				LastSwiftUpdateCheck = 1130;
				LastUpgradeCheck = 1130;
				ORGANIZATIONNAME = Suzy.Wang;
				TargetAttributes = {
					D93CB7C123E55AEA001F5AB9 = {
						CreatedOnToolsVersion = 11.3.1;
					};
				};
			};
			buildConfigurationList = D93CB7BD23E55AEA001F5AB9 /* Build configuration list for PBXProject "Lonely Planet" */;
			compatibilityVersion = "Xcode 9.3";
			developmentRegion = en;
			hasScannedForEncodings = 0;
			knownRegions = (
				en,
				Base,
			);
			mainGroup = D93CB7B923E55AEA001F5AB9;
			productRefGroup = D93CB7C323E55AEA001F5AB9 /* Products */;
			projectDirPath = "";
			projectRoot = "";
			targets = (
				D93CB7C123E55AEA001F5AB9 /* Lonely Planet */,
			);
		};
/* End PBXProject section */

/* Begin PBXResourcesBuildPhase section */
		D93CB7C023E55AEA001F5AB9 /* Resources */ = {
			isa = PBXResourcesBuildPhase;
			buildActionMask = 2147483647;
			files = (
				D93CB7D523E55AF7001F5AB9 /* LaunchScreen.storyboard in Resources */,
				D93CB7D223E55AF7001F5AB9 /* Assets.xcassets in Resources */,
				D93CB7CD23E55AEA001F5AB9 /* Main.storyboard in Resources */,
			);
			runOnlyForDeploymentPostprocessing = 0;
		};
/* End PBXResourcesBuildPhase section */

/* Begin PBXSourcesBuildPhase section */
		D93CB7BE23E55AEA001F5AB9 /* Sources */ = {
			isa = PBXSourcesBuildPhase;
			buildActionMask = 2147483647;
			files = (
				D93CB7D023E55AEA001F5AB9 /* Lonely_Planet.xcdatamodeld in Sources */,
				D93CB7CA23E55AEA001F5AB9 /* ViewController.swift in Sources */,
				D93CB7C623E55AEA001F5AB9 /* AppDelegate.swift in Sources */,
				D93CB7E623EABF5B001F5AB9 /* RatingPageStruct.swift in Sources */,
				D93CB7C823E55AEA001F5AB9 /* SceneDelegate.swift in Sources */,
			);
			runOnlyForDeploymentPostprocessing = 0;
		};
/* End PBXSourcesBuildPhase section */

/* Begin PBXVariantGroup section */
		D93CB7CB23E55AEA001F5AB9 /* Main.storyboard */ = {
			isa = PBXVariantGroup;
			children = (
				D93CB7CC23E55AEA001F5AB9 /* Base */,
			);
			name = Main.storyboard;
			sourceTree = "<group>";
		};
		D93CB7D323E55AF7001F5AB9 /* LaunchScreen.storyboard */ = {
			isa = PBXVariantGroup;
			children = (
				D93CB7D423E55AF7001F5AB9 /* Base */,
			);
			name = LaunchScreen.storyboard;
			sourceTree = "<group>";
		};
/* End PBXVariantGroup section */

/* Begin XCBuildConfiguration section */
		D93CB7D723E55AF7001F5AB9 /* Debug */ = {
			isa = XCBuildConfiguration;
			buildSettings = {
				ALWAYS_SEARCH_USER_PATHS = NO;
				CLANG_ANALYZER_NONNULL = YES;
				CLANG_ANALYZER_NUMBER_OBJECT_CONVERSION = YES_AGGRESSIVE;
				CLANG_CXX_LANGUAGE_STANDARD = "gnu++14";
				CLANG_CXX_LIBRARY = "libc++";
				CLANG_ENABLE_MODULES = YES;
				CLANG_ENABLE_OBJC_ARC = YES;
				CLANG_ENABLE_OBJC_WEAK = YES;
				CLANG_WARN_BLOCK_CAPTURE_AUTORELEASING = YES;
				CLANG_WARN_BOOL_CONVERSION = YES;
				CLANG_WARN_COMMA = YES;
				CLANG_WARN_CONSTANT_CONVERSION = YES;
				CLANG_WARN_DEPRECATED_OBJC_IMPLEMENTATIONS = YES;
				CLANG_WARN_DIRECT_OBJC_ISA_USAGE = YES_ERROR;
				CLANG_WARN_DOCUMENTATION_COMMENTS = YES;
				CLANG_WARN_EMPTY_BODY = YES;
				CLANG_WARN_ENUM_CONVERSION = YES;
				CLANG_WARN_INFINITE_RECURSION = YES;
				CLANG_WARN_INT_CONVERSION = YES;
				CLANG_WARN_NON_LITERAL_NULL_CONVERSION = YES;
				CLANG_WARN_OBJC_IMPLICIT_RETAIN_SELF = YES;
				CLANG_WARN_OBJC_LITERAL_CONVERSION = YES;
				CLANG_WARN_OBJC_ROOT_CLASS = YES_ERROR;
				CLANG_WARN_RANGE_LOOP_ANALYSIS = YES;
				CLANG_WARN_STRICT_PROTOTYPES = YES;
				CLANG_WARN_SUSPICIOUS_MOVE = YES;
				CLANG_WARN_UNGUARDED_AVAILABILITY = YES_AGGRESSIVE;
				CLANG_WARN_UNREACHABLE_CODE = YES;
				CLANG_WARN__DUPLICATE_METHOD_MATCH = YES;
				COPY_PHASE_STRIP = NO;
				DEBUG_INFORMATION_FORMAT = dwarf;
				ENABLE_STRICT_OBJC_MSGSEND = YES;
				ENABLE_TESTABILITY = YES;
				GCC_C_LANGUAGE_STANDARD = gnu11;
				GCC_DYNAMIC_NO_PIC = NO;
				GCC_NO_COMMON_BLOCKS = YES;
				GCC_OPTIMIZATION_LEVEL = 0;
				GCC_PREPROCESSOR_DEFINITIONS = (
					"DEBUG=1",
					"$(inherited)",
				);
				GCC_WARN_64_TO_32_BIT_CONVERSION = YES;
				GCC_WARN_ABOUT_RETURN_TYPE = YES_ERROR;
				GCC_WARN_UNDECLARED_SELECTOR = YES;
				GCC_WARN_UNINITIALIZED_AUTOS = YES_AGGRESSIVE;
				GCC_WARN_UNUSED_FUNCTION = YES;
				GCC_WARN_UNUSED_VARIABLE = YES;
				IPHONEOS_DEPLOYMENT_TARGET = 13.2;
				MTL_ENABLE_DEBUG_INFO = INCLUDE_SOURCE;
				MTL_FAST_MATH = YES;
				ONLY_ACTIVE_ARCH = YES;
				SDKROOT = iphoneos;
				SWIFT_ACTIVE_COMPILATION_CONDITIONS = DEBUG;
				SWIFT_OPTIMIZATION_LEVEL = "-Onone";
			};
			name = Debug;
		};
		D93CB7D823E55AF7001F5AB9 /* Release */ = {
			isa = XCBuildConfiguration;
			buildSettings = {
				ALWAYS_SEARCH_USER_PATHS = NO;
				CLANG_ANALYZER_NONNULL = YES;
				CLANG_ANALYZER_NUMBER_OBJECT_CONVERSION = YES_AGGRESSIVE;
				CLANG_CXX_LANGUAGE_STANDARD = "gnu++14";
				CLANG_CXX_LIBRARY = "libc++";
				CLANG_ENABLE_MODULES = YES;
				CLANG_ENABLE_OBJC_ARC = YES;
				CLANG_ENABLE_OBJC_WEAK = YES;
				CLANG_WARN_BLOCK_CAPTURE_AUTORELEASING = YES;
				CLANG_WARN_BOOL_CONVERSION = YES;
				CLANG_WARN_COMMA = YES;
				CLANG_WARN_CONSTANT_CONVERSION = YES;
				CLANG_WARN_DEPRECATED_OBJC_IMPLEMENTATIONS = YES;
				CLANG_WARN_DIRECT_OBJC_ISA_USAGE = YES_ERROR;
				CLANG_WARN_DOCUMENTATION_COMMENTS = YES;
				CLANG_WARN_EMPTY_BODY = YES;
				CLANG_WARN_ENUM_CONVERSION = YES;
				CLANG_WARN_INFINITE_RECURSION = YES;
				CLANG_WARN_INT_CONVERSION = YES;
				CLANG_WARN_NON_LITERAL_NULL_CONVERSION = YES;
				CLANG_WARN_OBJC_IMPLICIT_RETAIN_SELF = YES;
				CLANG_WARN_OBJC_LITERAL_CONVERSION = YES;
				CLANG_WARN_OBJC_ROOT_CLASS = YES_ERROR;
				CLANG_WARN_RANGE_LOOP_ANALYSIS = YES;
				CLANG_WARN_STRICT_PROTOTYPES = YES;
				CLANG_WARN_SUSPICIOUS_MOVE = YES;
				CLANG_WARN_UNGUARDED_AVAILABILITY = YES_AGGRESSIVE;
				CLANG_WARN_UNREACHABLE_CODE = YES;
				CLANG_WARN__DUPLICATE_METHOD_MATCH = YES;
				COPY_PHASE_STRIP = NO;
				DEBUG_INFORMATION_FORMAT = "dwarf-with-dsym";
				ENABLE_NS_ASSERTIONS = NO;
				ENABLE_STRICT_OBJC_MSGSEND = YES;
				GCC_C_LANGUAGE_STANDARD = gnu11;
				GCC_NO_COMMON_BLOCKS = YES;
				GCC_WARN_64_TO_32_BIT_CONVERSION = YES;
				GCC_WARN_ABOUT_RETURN_TYPE = YES_ERROR;
				GCC_WARN_UNDECLARED_SELECTOR = YES;
				GCC_WARN_UNINITIALIZED_AUTOS = YES_AGGRESSIVE;
				GCC_WARN_UNUSED_FUNCTION = YES;
				GCC_WARN_UNUSED_VARIABLE = YES;
				IPHONEOS_DEPLOYMENT_TARGET = 13.2;
				MTL_ENABLE_DEBUG_INFO = NO;
				MTL_FAST_MATH = YES;
				SDKROOT = iphoneos;
				SWIFT_COMPILATION_MODE = wholemodule;
				SWIFT_OPTIMIZATION_LEVEL = "-O";
				VALIDATE_PRODUCT = YES;
			};
			name = Release;
		};
		D93CB7DA23E55AF7001F5AB9 /* Debug */ = {
			isa = XCBuildConfiguration;
			buildSettings = {
				ASSETCATALOG_COMPILER_APPICON_NAME = AppIcon;
				CODE_SIGN_STYLE = Automatic;
				INFOPLIST_FILE = "Lonely Planet/Info.plist";
				LD_RUNPATH_SEARCH_PATHS = (
					"$(inherited)",
					"@executable_path/Frameworks",
				);
				PRODUCT_BUNDLE_IDENTIFIER = "com.fidelity.Lonely-Planet";
				PRODUCT_NAME = "$(TARGET_NAME)";
				SWIFT_VERSION = 5.0;
				TARGETED_DEVICE_FAMILY = "1,2";
			};
			name = Debug;
		};
		D93CB7DB23E55AF7001F5AB9 /* Release */ = {
			isa = XCBuildConfiguration;
			buildSettings = {
				ASSETCATALOG_COMPILER_APPICON_NAME = AppIcon;
				CODE_SIGN_STYLE = Automatic;
				INFOPLIST_FILE = "Lonely Planet/Info.plist";
				LD_RUNPATH_SEARCH_PATHS = (
					"$(inherited)",
					"@executable_path/Frameworks",
				);
				PRODUCT_BUNDLE_IDENTIFIER = "com.fidelity.Lonely-Planet";
				PRODUCT_NAME = "$(TARGET_NAME)";
				SWIFT_VERSION = 5.0;
				TARGETED_DEVICE_FAMILY = "1,2";
			};
			name = Release;
		};
/* End XCBuildConfiguration section */

/* Begin XCConfigurationList section */
		D93CB7BD23E55AEA001F5AB9 /* Build configuration list for PBXProject "Lonely Planet" */ = {
			isa = XCConfigurationList;
			buildConfigurations = (
				D93CB7D723E55AF7001F5AB9 /* Debug */,
				D93CB7D823E55AF7001F5AB9 /* Release */,
			);
			defaultConfigurationIsVisible = 0;
			defaultConfigurationName = Release;
		};
		D93CB7D923E55AF7001F5AB9 /* Build configuration list for PBXNativeTarget "Lonely Planet" */ = {
			isa = XCConfigurationList;
			buildConfigurations = (
				D93CB7DA23E55AF7001F5AB9 /* Debug */,
				D93CB7DB23E55AF7001F5AB9 /* Release */,
			);
			defaultConfigurationIsVisible = 0;
			defaultConfigurationName = Release;
		};
/* End XCConfigurationList section */

/* Begin XCVersionGroup section */
		D93CB7CE23E55AEA001F5AB9 /* Lonely_Planet.xcdatamodeld */ = {
			isa = XCVersionGroup;
			children = (
				D93CB7CF23E55AEA001F5AB9 /* Lonely_Planet.xcdatamodel */,
			);
			currentVersion = D93CB7CF23E55AEA001F5AB9 /* Lonely_Planet.xcdatamodel */;
			path = Lonely_Planet.xcdatamodeld;
			sourceTree = "<group>";
			versionGroupType = wrapper.xcdatamodel;
		};
/* End XCVersionGroup section */
	};
	rootObject = D93CB7BA23E55AEA001F5AB9 /* Project object */;
}
